# Generated by buf. DO NOT EDIT.
version: v2
deps:
  - name: buf.build/envoyproxy/protoc-gen-validate
    commit: daf171c6cdb54629b5f51e345a79e4dd
    digest: b5:c745e1521879f43740230b1df673d0729f55704efefdcfc489d4a0a2d40c92a26cacfeab62813403040a8b180142d53b398c7ca784a065e43823605ee49681de
  - name: buf.build/googleapis/googleapis
    commit: acd896313c55464b993332136ded1b6e
    digest: b5:025d83e25193feb8dac5e5576113c8737006218b3b09fbc0d0ff652614da5424b336edb15bea139eb90d14eba656774a979d1fbdae81cbab2013932b84b98f53
